// !$*UTF8*$!
{
	archiveVersion = 1;
	classes = {
	};
	objectVersion = 77;
	objects = {

/* Begin PBXBuildFile section */
		7B26D4822E159D3300987F89 /* CombineCocoa in Frameworks */ = {isa = PBXBuildFile; productRef = 7B26D4812E159D3300987F89 /* CombineCocoa */; };
		7B3052052E153A4900CBCE1A /* KcLibraryswift in Frameworks */ = {isa = PBXBuildFile; productRef = 7B3052042E153A4900CBCE1A /* KcLibraryswift */; };
/* End PBXBuildFile section */

/* Begin PBXContainerItemProxy section */
		7B5A195D2E06BA4600BD7E9E /* PBXContainerItemProxy */ = {
			isa = PBXContainerItemProxy;
			containerPortal = 7B5A193E2E06BA4400BD7E9E /* Project object */;
			proxyType = 1;
			remoteGlobalIDString = 7B5A19452E06BA4400BD7E9E;
			remoteInfo = AppDragonBall;
		};
		7B5A19672E06BA4600BD7E9E /* PBXContainerItemProxy */ = {
			isa = PBXContainerItemProxy;
			containerPortal = 7B5A193E2E06BA4400BD7E9E /* Project object */;
			proxyType = 1;
			remoteGlobalIDString = 7B5A19452E06BA4400BD7E9E;
			remoteInfo = AppDragonBall;
		};
/* End PBXContainerItemProxy section */

/* Begin PBXFileReference section */
		7B5A19462E06BA4400BD7E9E /* AppDragonBall.app */ = {isa = PBXFileReference; explicitFileType = wrapper.application; includeInIndex = 0; path = AppDragonBall.app; sourceTree = BUILT_PRODUCTS_DIR; };
		7B5A195C2E06BA4600BD7E9E /* AppDragonBallTests.xctest */ = {isa = PBXFileReference; explicitFileType = wrapper.cfbundle; includeInIndex = 0; path = AppDragonBallTests.xctest; sourceTree = BUILT_PRODUCTS_DIR; };
		7B5A19662E06BA4600BD7E9E /* AppDragonBallUITests.xctest */ = {isa = PBXFileReference; explicitFileType = wrapper.cfbundle; includeInIndex = 0; path = AppDragonBallUITests.xctest; sourceTree = BUILT_PRODUCTS_DIR; };
/* End PBXFileReference section */

/* Begin PBXFileSystemSynchronizedBuildFileExceptionSet section */
		7B2697112E0B06720011EC38 /* Exceptions for "AppDragonBall" folder in "AppDragonBall" target */ = {
			isa = PBXFileSystemSynchronizedBuildFileExceptionSet;
			membershipExceptions = (
				Info.plist,
			);
			target = 7B5A19452E06BA4400BD7E9E /* AppDragonBall */;
		};
/* End PBXFileSystemSynchronizedBuildFileExceptionSet section */

/* Begin PBXFileSystemSynchronizedRootGroup section */
		7B5A19482E06BA4400BD7E9E /* AppDragonBall */ = {
			isa = PBXFileSystemSynchronizedRootGroup;
			exceptions = (
				7B2697112E0B06720011EC38 /* Exceptions for "AppDragonBall" folder in "AppDragonBall" target */,
			);
			path = AppDragonBall;
			sourceTree = "<group>";
		};
		7B5A195F2E06BA4600BD7E9E /* AppDragonBallTests */ = {
			isa = PBXFileSystemSynchronizedRootGroup;
			path = AppDragonBallTests;
			sourceTree = "<group>";
		};
/* End PBXFileSystemSynchronizedRootGroup section */

/* Begin PBXFrameworksBuildPhase section */
		7B5A19432E06BA4400BD7E9E /* Frameworks */ = {
			isa = PBXFrameworksBuildPhase;
			buildActionMask = 2147483647;
			files = (
				7B26D4822E159D3300987F89 /* CombineCocoa in Frameworks */,
				7B3052052E153A4900CBCE1A /* KcLibraryswift in Frameworks */,
			);
			runOnlyForDeploymentPostprocessing = 0;
		};
		7B5A19592E06BA4600BD7E9E /* Frameworks */ = {
			isa = PBXFrameworksBuildPhase;
			buildActionMask = 2147483647;
			files = (
			);
			runOnlyForDeploymentPostprocessing = 0;
		};
		7B5A19632E06BA4600BD7E9E /* Frameworks */ = {
			isa = PBXFrameworksBuildPhase;
			buildActionMask = 2147483647;
			files = (
			);
			runOnlyForDeploymentPostprocessing = 0;
		};
/* End PBXFrameworksBuildPhase section */

/* Begin PBXGroup section */
		7B5A193D2E06BA4400BD7E9E = {
			isa = PBXGroup;
			children = (
				7B5A19482E06BA4400BD7E9E /* AppDragonBall */,
				7B5A195F2E06BA4600BD7E9E /* AppDragonBallTests */,
				7B5A19472E06BA4400BD7E9E /* Products */,
			);
			sourceTree = "<group>";
		};
		7B5A19472E06BA4400BD7E9E /* Products */ = {
			isa = PBXGroup;
			children = (
				7B5A19462E06BA4400BD7E9E /* AppDragonBall.app */,
				7B5A195C2E06BA4600BD7E9E /* AppDragonBallTests.xctest */,
				7B5A19662E06BA4600BD7E9E /* AppDragonBallUITests.xctest */,
			);
			name = Products;
			sourceTree = "<group>";
		};
/* End PBXGroup section */

/* Begin PBXNativeTarget section */
		7B5A19452E06BA4400BD7E9E /* AppDragonBall */ = {
			isa = PBXNativeTarget;
			buildConfigurationList = 7B5A196F2E06BA4600BD7E9E /* Build configuration list for PBXNativeTarget "AppDragonBall" */;
			buildPhases = (
				7B5A19422E06BA4400BD7E9E /* Sources */,
				7B5A19432E06BA4400BD7E9E /* Frameworks */,
				7B5A19442E06BA4400BD7E9E /* Resources */,
			);
			buildRules = (
			);
			dependencies = (
			);
			fileSystemSynchronizedGroups = (
				7B5A19482E06BA4400BD7E9E /* AppDragonBall */,
			);
			name = AppDragonBall;
			packageProductDependencies = (
				7B3052042E153A4900CBCE1A /* KcLibraryswift */,
				7B26D4812E159D3300987F89 /* CombineCocoa */,
			);
			productName = AppDragonBall;
			productReference = 7B5A19462E06BA4400BD7E9E /* AppDragonBall.app */;
			productType = "com.apple.product-type.application";
		};
		7B5A195B2E06BA4600BD7E9E /* AppDragonBallTests */ = {
			isa = PBXNativeTarget;
			buildConfigurationList = 7B5A19742E06BA4600BD7E9E /* Build configuration list for PBXNativeTarget "AppDragonBallTests" */;
			buildPhases = (
				7B5A19582E06BA4600BD7E9E /* Sources */,
				7B5A19592E06BA4600BD7E9E /* Frameworks */,
				7B5A195A2E06BA4600BD7E9E /* Resources */,
			);
			buildRules = (
			);
			dependencies = (
				7B5A195E2E06BA4600BD7E9E /* PBXTargetDependency */,
			);
			fileSystemSynchronizedGroups = (
				7B5A195F2E06BA4600BD7E9E /* AppDragonBallTests */,
			);
			name = AppDragonBallTests;
			packageProductDependencies = (
			);
			productName = AppDragonBallTests;
			productReference = 7B5A195C2E06BA4600BD7E9E /* AppDragonBallTests.xctest */;
			productType = "com.apple.product-type.bundle.unit-test";
		};
		7B5A19652E06BA4600BD7E9E /* AppDragonBallUITests */ = {
			isa = PBXNativeTarget;
			buildConfigurationList = 7B5A19772E06BA4600BD7E9E /* Build configuration list for PBXNativeTarget "AppDragonBallUITests" */;
			buildPhases = (
				7B5A19622E06BA4600BD7E9E /* Sources */,
				7B5A19632E06BA4600BD7E9E /* Frameworks */,
				7B5A19642E06BA4600BD7E9E /* Resources */,
			);
			buildRules = (
			);
			dependencies = (
				7B5A19682E06BA4600BD7E9E /* PBXTargetDependency */,
			);
			name = AppDragonBallUITests;
			packageProductDependencies = (
			);
			productName = AppDragonBallUITests;
			productReference = 7B5A19662E06BA4600BD7E9E /* AppDragonBallUITests.xctest */;
			productType = "com.apple.product-type.bundle.ui-testing";
		};
/* End PBXNativeTarget section */

/* Begin PBXProject section */
		7B5A193E2E06BA4400BD7E9E /* Project object */ = {
			isa = PBXProject;
			attributes = {
				BuildIndependentTargetsInParallel = 1;
				LastSwiftUpdateCheck = 1640;
				LastUpgradeCheck = 1640;
				TargetAttributes = {
					7B5A19452E06BA4400BD7E9E = {
						CreatedOnToolsVersion = 16.4;
					};
					7B5A195B2E06BA4600BD7E9E = {
						CreatedOnToolsVersion = 16.4;
						TestTargetID = 7B5A19452E06BA4400BD7E9E;
					};
					7B5A19652E06BA4600BD7E9E = {
						CreatedOnToolsVersion = 16.4;
						TestTargetID = 7B5A19452E06BA4400BD7E9E;
					};
				};
			};
			buildConfigurationList = 7B5A19412E06BA4400BD7E9E /* Build configuration list for PBXProject "AppDragonBall" */;
			developmentRegion = en;
			hasScannedForEncodings = 0;
			knownRegions = (
				en,
				Base,
			);
			mainGroup = 7B5A193D2E06BA4400BD7E9E;
			minimizedProjectReferenceProxies = 1;
			packageReferences = (
				7B3052032E153A4900CBCE1A /* XCRemoteSwiftPackageReference "KcLibraryswift" */,
				7B26D4802E159D3300987F89 /* XCRemoteSwiftPackageReference "CombineCocoa" */,
			);
			preferredProjectObjectVersion = 77;
			productRefGroup = 7B5A19472E06BA4400BD7E9E /* Products */;
			projectDirPath = "";
			projectRoot = "";
			targets = (
				7B5A19452E06BA4400BD7E9E /* AppDragonBall */,
				7B5A195B2E06BA4600BD7E9E /* AppDragonBallTests */,
				7B5A19652E06BA4600BD7E9E /* AppDragonBallUITests */,
			);
		};
/* End PBXProject section */

/* Begin PBXResourcesBuildPhase section */
		7B5A19442E06BA4400BD7E9E /* Resources */ = {
			isa = PBXResourcesBuildPhase;
			buildActionMask = 2147483647;
			files = (
			);
			runOnlyForDeploymentPostprocessing = 0;
		};
		7B5A195A2E06BA4600BD7E9E /* Resources */ = {
			isa = PBXResourcesBuildPhase;
			buildActionMask = 2147483647;
			files = (
			);
			runOnlyForDeploymentPostprocessing = 0;
		};
		7B5A19642E06BA4600BD7E9E /* Resources */ = {
			isa = PBXResourcesBuildPhase;
			buildActionMask = 2147483647;
			files = (
			);
			runOnlyForDeploymentPostprocessing = 0;
		};
/* End PBXResourcesBuildPhase section */

/* Begin PBXSourcesBuildPhase section */
		7B5A19422E06BA4400BD7E9E /* Sources */ = {
			isa = PBXSourcesBuildPhase;
			buildActionMask = 2147483647;
			files = (
			);
			runOnlyForDeploymentPostprocessing = 0;
		};
		7B5A19582E06BA4600BD7E9E /* Sources */ = {
			isa = PBXSourcesBuildPhase;
			buildActionMask = 2147483647;
			files = (
			);
			runOnlyForDeploymentPostprocessing = 0;
		};
		7B5A19622E06BA4600BD7E9E /* Sources */ = {
			isa = PBXSourcesBuildPhase;
			buildActionMask = 2147483647;
			files = (
			);
			runOnlyForDeploymentPostprocessing = 0;
		};
/* End PBXSourcesBuildPhase section */

/* Begin PBXTargetDependency section */
		7B5A195E2E06BA4600BD7E9E /* PBXTargetDependency */ = {
			isa = PBXTargetDependency;
			target = 7B5A19452E06BA4400BD7E9E /* AppDragonBall */;
			targetProxy = 7B5A195D2E06BA4600BD7E9E /* PBXContainerItemProxy */;
		};
		7B5A19682E06BA4600BD7E9E /* PBXTargetDependency */ = {
			isa = PBXTargetDependency;
			target = 7B5A19452E06BA4400BD7E9E /* AppDragonBall */;
			targetProxy = 7B5A19672E06BA4600BD7E9E /* PBXContainerItemProxy */;
		};
/* End PBXTargetDependency section */

/* Begin XCBuildConfiguration section */
		7B5A19702E06BA4600BD7E9E /* Debug */ = {
			isa = XCBuildConfiguration;
			buildSettings = {
				ASSETCATALOG_COMPILER_APPICON_NAME = AppIcon;
				ASSETCATALOG_COMPILER_GLOBAL_ACCENT_COLOR_NAME = AccentColor;
				CODE_SIGN_STYLE = Automatic;
				CURRENT_PROJECT_VERSION = 1;
				DEVELOPMENT_TEAM = RC8T5PPSV3;
				GENERATE_INFOPLIST_FILE = YES;
				INFOPLIST_FILE = AppDragonBall/Info.plist;
				INFOPLIST_KEY_CFBundleDisplayName = "Dragon Ball";
				INFOPLIST_KEY_UIApplicationSupportsIndirectInputEvents = YES;
				INFOPLIST_KEY_UILaunchStoryboardName = LaunchScreen;
				INFOPLIST_KEY_UISupportedInterfaceOrientations = UIInterfaceOrientationPortrait;
				INFOPLIST_KEY_UISupportedInterfaceOrientations_iPad = "UIInterfaceOrientationLandscapeLeft UIInterfaceOrientationLandscapeRight UIInterfaceOrientationPortrait UIInterfaceOrientationPortraitUpsideDown";
				LD_RUNPATH_SEARCH_PATHS = (
					"$(inherited)",
					"@executable_path/Frameworks",
				);
				MARKETING_VERSION = 1.0;
				PRODUCT_BUNDLE_IDENTIFIER = practicas.AppDragonBall;
				PRODUCT_NAME = "$(TARGET_NAME)";
				SWIFT_EMIT_LOC_STRINGS = YES;
				SWIFT_VERSION = 5.0;
				TARGETED_DEVICE_FAMILY = "1,2";
			};
			name = Debug;
		};
		7B5A19712E06BA4600BD7E9E /* Release */ = {
			isa = XCBuildConfiguration;
			buildSettings = {
				ASSETCATALOG_COMPILER_APPICON_NAME = AppIcon;
				ASSETCATALOG_COMPILER_GLOBAL_ACCENT_COLOR_NAME = AccentColor;
				CODE_SIGN_STYLE = Automatic;
				CURRENT_PROJECT_VERSION = 1;
				DEVELOPMENT_TEAM = RC8T5PPSV3;
				GENERATE_INFOPLIST_FILE = YES;
				INFOPLIST_FILE = AppDragonBall/Info.plist;
				INFOPLIST_KEY_CFBundleDisplayName = "Dragon Ball";
				INFOPLIST_KEY_UIApplicationSupportsIndirectInputEvents = YES;
				INFOPLIST_KEY_UILaunchStoryboardName = LaunchScreen;
				INFOPLIST_KEY_UISupportedInterfaceOrientations = UIInterfaceOrientationPortrait;
				INFOPLIST_KEY_UISupportedInterfaceOrientations_iPad = "UIInterfaceOrientationLandscapeLeft UIInterfaceOrientationLandscapeRight UIInterfaceOrientationPortrait UIInterfaceOrientationPortraitUpsideDown";
				LD_RUNPATH_SEARCH_PATHS = (
					"$(inherited)",
					"@executable_path/Frameworks",
				);
				MARKETING_VERSION = 1.0;
				PRODUCT_BUNDLE_IDENTIFIER = practicas.AppDragonBall;
				PRODUCT_NAME = "$(TARGET_NAME)";
				SWIFT_EMIT_LOC_STRINGS = YES;
				SWIFT_VERSION = 5.0;
				TARGETED_DEVICE_FAMILY = "1,2";
			};
			name = Release;
		};
		7B5A19722E06BA4600BD7E9E /* Debug */ = {
			isa = XCBuildConfiguration;
			buildSettings = {
				ALWAYS_SEARCH_USER_PATHS = NO;
				ASSETCATALOG_COMPILER_GENERATE_SWIFT_ASSET_SYMBOL_EXTENSIONS = YES;
				CLANG_ANALYZER_NONNULL = YES;
				CLANG_ANALYZER_NUMBER_OBJECT_CONVERSION = YES_AGGRESSIVE;
				CLANG_CXX_LANGUAGE_STANDARD = "gnu++20";
				CLANG_ENABLE_MODULES = YES;
				CLANG_ENABLE_OBJC_ARC = YES;
				CLANG_ENABLE_OBJC_WEAK = YES;
				CLANG_WARN_BLOCK_CAPTURE_AUTORELEASING = YES;
				CLANG_WARN_BOOL_CONVERSION = YES;
				CLANG_WARN_COMMA = YES;
				CLANG_WARN_CONSTANT_CONVERSION = YES;
				CLANG_WARN_DEPRECATED_OBJC_IMPLEMENTATIONS = YES;
				CLANG_WARN_DIRECT_OBJC_ISA_USAGE = YES_ERROR;
				CLANG_WARN_DOCUMENTATION_COMMENTS = YES;
				CLANG_WARN_EMPTY_BODY = YES;
				CLANG_WARN_ENUM_CONVERSION = YES;
				CLANG_WARN_INFINITE_RECURSION = YES;
				CLANG_WARN_INT_CONVERSION = YES;
				CLANG_WARN_NON_LITERAL_NULL_CONVERSION = YES;
				CLANG_WARN_OBJC_IMPLICIT_RETAIN_SELF = YES;
				CLANG_WARN_OBJC_LITERAL_CONVERSION = YES;
				CLANG_WARN_OBJC_ROOT_CLASS = YES_ERROR;
				CLANG_WARN_QUOTED_INCLUDE_IN_FRAMEWORK_HEADER = YES;
				CLANG_WARN_RANGE_LOOP_ANALYSIS = YES;
				CLANG_WARN_STRICT_PROTOTYPES = YES;
				CLANG_WARN_SUSPICIOUS_MOVE = YES;
				CLANG_WARN_UNGUARDED_AVAILABILITY = YES_AGGRESSIVE;
				CLANG_WARN_UNREACHABLE_CODE = YES;
				CLANG_WARN__DUPLICATE_METHOD_MATCH = YES;
				COPY_PHASE_STRIP = NO;
				DEBUG_INFORMATION_FORMAT = dwarf;
				DEVELOPMENT_TEAM = RC8T5PPSV3;
				ENABLE_STRICT_OBJC_MSGSEND = YES;
				ENABLE_TESTABILITY = YES;
				ENABLE_USER_SCRIPT_SANDBOXING = YES;
				GCC_C_LANGUAGE_STANDARD = gnu17;
				GCC_DYNAMIC_NO_PIC = NO;
				GCC_NO_COMMON_BLOCKS = YES;
				GCC_OPTIMIZATION_LEVEL = 0;
				GCC_PREPROCESSOR_DEFINITIONS = (
					"DEBUG=1",
					"$(inherited)",
				);
				GCC_WARN_64_TO_32_BIT_CONVERSION = YES;
				GCC_WARN_ABOUT_RETURN_TYPE = YES_ERROR;
				GCC_WARN_UNDECLARED_SELECTOR = YES;
				GCC_WARN_UNINITIALIZED_AUTOS = YES_AGGRESSIVE;
				GCC_WARN_UNUSED_FUNCTION = YES;
				GCC_WARN_UNUSED_VARIABLE = YES;
				IPHONEOS_DEPLOYMENT_TARGET = 18.5;
				LOCALIZATION_PREFERS_STRING_CATALOGS = YES;
				MTL_ENABLE_DEBUG_INFO = INCLUDE_SOURCE;
				MTL_FAST_MATH = YES;
				ONLY_ACTIVE_ARCH = YES;
				SDKROOT = iphoneos;
				SWIFT_ACTIVE_COMPILATION_CONDITIONS = "DEBUG $(inherited)";
				SWIFT_OPTIMIZATION_LEVEL = "-Onone";
			};
			name = Debug;
		};
		7B5A19732E06BA4600BD7E9E /* Release */ = {
			isa = XCBuildConfiguration;
			buildSettings = {
				ALWAYS_SEARCH_USER_PATHS = NO;
				ASSETCATALOG_COMPILER_GENERATE_SWIFT_ASSET_SYMBOL_EXTENSIONS = YES;
				CLANG_ANALYZER_NONNULL = YES;
				CLANG_ANALYZER_NUMBER_OBJECT_CONVERSION = YES_AGGRESSIVE;
				CLANG_CXX_LANGUAGE_STANDARD = "gnu++20";
				CLANG_ENABLE_MODULES = YES;
				CLANG_ENABLE_OBJC_ARC = YES;
				CLANG_ENABLE_OBJC_WEAK = YES;
				CLANG_WARN_BLOCK_CAPTURE_AUTORELEASING = YES;
				CLANG_WARN_BOOL_CONVERSION = YES;
				CLANG_WARN_COMMA = YES;
				CLANG_WARN_CONSTANT_CONVERSION = YES;
				CLANG_WARN_DEPRECATED_OBJC_IMPLEMENTATIONS = YES;
				CLANG_WARN_DIRECT_OBJC_ISA_USAGE = YES_ERROR;
				CLANG_WARN_DOCUMENTATION_COMMENTS = YES;
				CLANG_WARN_EMPTY_BODY = YES;
				CLANG_WARN_ENUM_CONVERSION = YES;
				CLANG_WARN_INFINITE_RECURSION = YES;
				CLANG_WARN_INT_CONVERSION = YES;
				CLANG_WARN_NON_LITERAL_NULL_CONVERSION = YES;
				CLANG_WARN_OBJC_IMPLICIT_RETAIN_SELF = YES;
				CLANG_WARN_OBJC_LITERAL_CONVERSION = YES;
				CLANG_WARN_OBJC_ROOT_CLASS = YES_ERROR;
				CLANG_WARN_QUOTED_INCLUDE_IN_FRAMEWORK_HEADER = YES;
				CLANG_WARN_RANGE_LOOP_ANALYSIS = YES;
				CLANG_WARN_STRICT_PROTOTYPES = YES;
				CLANG_WARN_SUSPICIOUS_MOVE = YES;
				CLANG_WARN_UNGUARDED_AVAILABILITY = YES_AGGRESSIVE;
				CLANG_WARN_UNREACHABLE_CODE = YES;
				CLANG_WARN__DUPLICATE_METHOD_MATCH = YES;
				COPY_PHASE_STRIP = NO;
				DEBUG_INFORMATION_FORMAT = "dwarf-with-dsym";
				DEVELOPMENT_TEAM = RC8T5PPSV3;
				ENABLE_NS_ASSERTIONS = NO;
				ENABLE_STRICT_OBJC_MSGSEND = YES;
				ENABLE_USER_SCRIPT_SANDBOXING = YES;
				GCC_C_LANGUAGE_STANDARD = gnu17;
				GCC_NO_COMMON_BLOCKS = YES;
				GCC_WARN_64_TO_32_BIT_CONVERSION = YES;
				GCC_WARN_ABOUT_RETURN_TYPE = YES_ERROR;
				GCC_WARN_UNDECLARED_SELECTOR = YES;
				GCC_WARN_UNINITIALIZED_AUTOS = YES_AGGRESSIVE;
				GCC_WARN_UNUSED_FUNCTION = YES;
				GCC_WARN_UNUSED_VARIABLE = YES;
				IPHONEOS_DEPLOYMENT_TARGET = 18.5;
				LOCALIZATION_PREFERS_STRING_CATALOGS = YES;
				MTL_ENABLE_DEBUG_INFO = NO;
				MTL_FAST_MATH = YES;
				SDKROOT = iphoneos;
				SWIFT_COMPILATION_MODE = wholemodule;
				VALIDATE_PRODUCT = YES;
			};
			name = Release;
		};
		7B5A19752E06BA4600BD7E9E /* Debug */ = {
			isa = XCBuildConfiguration;
			buildSettings = {
				BUNDLE_LOADER = "$(TEST_HOST)";
				CODE_SIGN_STYLE = Automatic;
				CURRENT_PROJECT_VERSION = 1;
				DEVELOPMENT_TEAM = RC8T5PPSV3;
				GENERATE_INFOPLIST_FILE = YES;
				IPHONEOS_DEPLOYMENT_TARGET = 18.5;
				MARKETING_VERSION = 1.0;
				PRODUCT_BUNDLE_IDENTIFIER = practicas.AppDragonBallTests;
				PRODUCT_NAME = "$(TARGET_NAME)";
				SWIFT_EMIT_LOC_STRINGS = NO;
				SWIFT_VERSION = 5.0;
				TARGETED_DEVICE_FAMILY = "1,2";
				TEST_HOST = "$(BUILT_PRODUCTS_DIR)/AppDragonBall.app/$(BUNDLE_EXECUTABLE_FOLDER_PATH)/AppDragonBall";
			};
			name = Debug;
		};
		7B5A19762E06BA4600BD7E9E /* Release */ = {
			isa = XCBuildConfiguration;
			buildSettings = {
				BUNDLE_LOADER = "$(TEST_HOST)";
				CODE_SIGN_STYLE = Automatic;
				CURRENT_PROJECT_VERSION = 1;
				DEVELOPMENT_TEAM = RC8T5PPSV3;
				GENERATE_INFOPLIST_FILE = YES;
				IPHONEOS_DEPLOYMENT_TARGET = 18.5;
				MARKETING_VERSION = 1.0;
				PRODUCT_BUNDLE_IDENTIFIER = practicas.AppDragonBallTests;
				PRODUCT_NAME = "$(TARGET_NAME)";
				SWIFT_EMIT_LOC_STRINGS = NO;
				SWIFT_VERSION = 5.0;
				TARGETED_DEVICE_FAMILY = "1,2";
				TEST_HOST = "$(BUILT_PRODUCTS_DIR)/AppDragonBall.app/$(BUNDLE_EXECUTABLE_FOLDER_PATH)/AppDragonBall";
			};
			name = Release;
		};
		7B5A19782E06BA4600BD7E9E /* Debug */ = {
			isa = XCBuildConfiguration;
			buildSettings = {
				CODE_SIGN_STYLE = Automatic;
				CURRENT_PROJECT_VERSION = 1;
				DEVELOPMENT_TEAM = RC8T5PPSV3;
				GENERATE_INFOPLIST_FILE = YES;
				MARKETING_VERSION = 1.0;
				PRODUCT_BUNDLE_IDENTIFIER = practicas.AppDragonBallUITests;
				PRODUCT_NAME = "$(TARGET_NAME)";
				SWIFT_EMIT_LOC_STRINGS = NO;
				SWIFT_VERSION = 5.0;
				TARGETED_DEVICE_FAMILY = "1,2";
				TEST_TARGET_NAME = AppDragonBall;
			};
			name = Debug;
		};
		7B5A19792E06BA4600BD7E9E /* Release */ = {
			isa = XCBuildConfiguration;
			buildSettings = {
				CODE_SIGN_STYLE = Automatic;
				CURRENT_PROJECT_VERSION = 1;
				DEVELOPMENT_TEAM = RC8T5PPSV3;
				GENERATE_INFOPLIST_FILE = YES;
				MARKETING_VERSION = 1.0;
				PRODUCT_BUNDLE_IDENTIFIER = practicas.AppDragonBallUITests;
				PRODUCT_NAME = "$(TARGET_NAME)";
				SWIFT_EMIT_LOC_STRINGS = NO;
				SWIFT_VERSION = 5.0;
				TARGETED_DEVICE_FAMILY = "1,2";
				TEST_TARGET_NAME = AppDragonBall;
			};
			name = Release;
		};
/* End XCBuildConfiguration section */

/* Begin XCConfigurationList section */
		7B5A19412E06BA4400BD7E9E /* Build configuration list for PBXProject "AppDragonBall" */ = {
			isa = XCConfigurationList;
			buildConfigurations = (
				7B5A19722E06BA4600BD7E9E /* Debug */,
				7B5A19732E06BA4600BD7E9E /* Release */,
			);
			defaultConfigurationIsVisible = 0;
			defaultConfigurationName = Release;
		};
		7B5A196F2E06BA4600BD7E9E /* Build configuration list for PBXNativeTarget "AppDragonBall" */ = {
			isa = XCConfigurationList;
			buildConfigurations = (
				7B5A19702E06BA4600BD7E9E /* Debug */,
				7B5A19712E06BA4600BD7E9E /* Release */,
			);
			defaultConfigurationIsVisible = 0;
			defaultConfigurationName = Release;
		};
		7B5A19742E06BA4600BD7E9E /* Build configuration list for PBXNativeTarget "AppDragonBallTests" */ = {
			isa = XCConfigurationList;
			buildConfigurations = (
				7B5A19752E06BA4600BD7E9E /* Debug */,
				7B5A19762E06BA4600BD7E9E /* Release */,
			);
			defaultConfigurationIsVisible = 0;
			defaultConfigurationName = Release;
		};
		7B5A19772E06BA4600BD7E9E /* Build configuration list for PBXNativeTarget "AppDragonBallUITests" */ = {
			isa = XCConfigurationList;
			buildConfigurations = (
				7B5A19782E06BA4600BD7E9E /* Debug */,
				7B5A19792E06BA4600BD7E9E /* Release */,
			);
			defaultConfigurationIsVisible = 0;
			defaultConfigurationName = Release;
		};
/* End XCConfigurationList section */

/* Begin XCRemoteSwiftPackageReference section */
		7B26D4802E159D3300987F89 /* XCRemoteSwiftPackageReference "CombineCocoa" */ = {
			isa = XCRemoteSwiftPackageReference;
			repositoryURL = "https://github.com/CombineCommunity/CombineCocoa.git";
			requirement = {
				kind = upToNextMajorVersion;
				minimumVersion = 0.4.1;
			};
		};
		7B3052032E153A4900CBCE1A /* XCRemoteSwiftPackageReference "KcLibraryswift" */ = {
			isa = XCRemoteSwiftPackageReference;
			repositoryURL = "https://github.com/joselbe1976/KcLibraryswift";
			requirement = {
				kind = upToNextMajorVersion;
				minimumVersion = 0.0.2;
			};
		};
/* End XCRemoteSwiftPackageReference section */

/* Begin XCSwiftPackageProductDependency section */
		7B26D4812E159D3300987F89 /* CombineCocoa */ = {
			isa = XCSwiftPackageProductDependency;
			package = 7B26D4802E159D3300987F89 /* XCRemoteSwiftPackageReference "CombineCocoa" */;
			productName = CombineCocoa;
		};
		7B3052042E153A4900CBCE1A /* KcLibraryswift */ = {
			isa = XCSwiftPackageProductDependency;
			package = 7B3052032E153A4900CBCE1A /* XCRemoteSwiftPackageReference "KcLibraryswift" */;
			productName = KcLibraryswift;
		};
/* End XCSwiftPackageProductDependency section */
	};
	rootObject = 7B5A193E2E06BA4400BD7E9E /* Project object */;
}
